{
  "version": "5",
  "specifiers": {
    "jsr:@std/assert@*": "1.0.13",
    "jsr:@std/assert@1": "1.0.13",
    "jsr:@std/encoding@^1.0.10": "1.0.10",
    "jsr:@std/internal@^1.0.6": "1.0.6",
    "npm:@biomejs/biome@*": "1.9.4",
    "npm:@biomejs/biome@^1.9.4": "1.9.4",
    "npm:@types/node@*": "22.12.0",
    "npm:ky@^1.8.1": "1.8.1"
  },
  "jsr": {
    "@std/assert@1.0.13": {
      "integrity": "ae0d31e41919b12c656c742b22522c32fb26ed0cba32975cb0de2a273cb68b29",
      "dependencies": [
        "jsr:@std/internal"
      ]
    },
    "@std/encoding@1.0.10": {
      "integrity": "8783c6384a2d13abd5e9e87a7ae0520a30e9f56aeeaa3bdf910a3eaaf5c811a1"
    },
    "@std/internal@1.0.6": {
      "integrity": "9533b128f230f73bd209408bb07a4b12f8d4255ab2a4d22a1fd6d87304aca9a4"
    }
  },
  "npm": {
    "@biomejs/biome@1.9.4": {
      "integrity": "sha512-1rkd7G70+o9KkTn5KLmDYXihGoTaIGO9PIIN2ZB7UJxFrWw04CZHPYiMRjYsaDvVV7hP1dYNRLxSANLaBFGpog==",
      "optionalDependencies": [
        "@biomejs/cli-darwin-arm64",
        "@biomejs/cli-darwin-x64",
        "@biomejs/cli-linux-arm64",
        "@biomejs/cli-linux-arm64-musl",
        "@biomejs/cli-linux-x64",
        "@biomejs/cli-linux-x64-musl",
        "@biomejs/cli-win32-arm64",
        "@biomejs/cli-win32-x64"
      ],
      "scripts": true,
      "bin": true
    },
    "@biomejs/cli-darwin-arm64@1.9.4": {
      "integrity": "sha512-bFBsPWrNvkdKrNCYeAp+xo2HecOGPAy9WyNyB/jKnnedgzl4W4Hb9ZMzYNbf8dMCGmUdSavlYHiR01QaYR58cw==",
      "os": ["darwin"],
      "cpu": ["arm64"]
    },
    "@biomejs/cli-darwin-x64@1.9.4": {
      "integrity": "sha512-ngYBh/+bEedqkSevPVhLP4QfVPCpb+4BBe2p7Xs32dBgs7rh9nY2AIYUL6BgLw1JVXV8GlpKmb/hNiuIxfPfZg==",
      "os": ["darwin"],
      "cpu": ["x64"]
    },
    "@biomejs/cli-linux-arm64-musl@1.9.4": {
      "integrity": "sha512-v665Ct9WCRjGa8+kTr0CzApU0+XXtRgwmzIf1SeKSGAv+2scAlW6JR5PMFo6FzqqZ64Po79cKODKf3/AAmECqA==",
      "os": ["linux"],
      "cpu": ["arm64"]
    },
    "@biomejs/cli-linux-arm64@1.9.4": {
      "integrity": "sha512-fJIW0+LYujdjUgJJuwesP4EjIBl/N/TcOX3IvIHJQNsAqvV2CHIogsmA94BPG6jZATS4Hi+xv4SkBBQSt1N4/g==",
      "os": ["linux"],
      "cpu": ["arm64"]
    },
    "@biomejs/cli-linux-x64-musl@1.9.4": {
      "integrity": "sha512-gEhi/jSBhZ2m6wjV530Yy8+fNqG8PAinM3oV7CyO+6c3CEh16Eizm21uHVsyVBEB6RIM8JHIl6AGYCv6Q6Q9Tg==",
      "os": ["linux"],
      "cpu": ["x64"]
    },
    "@biomejs/cli-linux-x64@1.9.4": {
      "integrity": "sha512-lRCJv/Vi3Vlwmbd6K+oQ0KhLHMAysN8lXoCI7XeHlxaajk06u7G+UsFSO01NAs5iYuWKmVZjmiOzJ0OJmGsMwg==",
      "os": ["linux"],
      "cpu": ["x64"]
    },
    "@biomejs/cli-win32-arm64@1.9.4": {
      "integrity": "sha512-tlbhLk+WXZmgwoIKwHIHEBZUwxml7bRJgk0X2sPyNR3S93cdRq6XulAZRQJ17FYGGzWne0fgrXBKpl7l4M87Hg==",
      "os": ["win32"],
      "cpu": ["arm64"]
    },
    "@biomejs/cli-win32-x64@1.9.4": {
      "integrity": "sha512-8Y5wMhVIPaWe6jw2H+KlEm4wP/f7EW3810ZLmDlrEEy5KvBsb9ECEfu/kMWD484ijfQ8+nIi0giMgu9g1UAuuA==",
      "os": ["win32"],
      "cpu": ["x64"]
    },
    "@types/node@22.12.0": {
      "integrity": "sha512-Fll2FZ1riMjNmlmJOdAyY5pUbkftXslB5DgEzlIuNaiWhXd00FhWxVC/r4yV/4wBb9JfImTu+jiSvXTkJ7F/gA==",
      "dependencies": [
        "undici-types"
      ]
    },
    "ky@1.8.1": {
      "integrity": "sha512-7Bp3TpsE+L+TARSnnDpk3xg8Idi8RwSLdj6CMbNWoOARIrGrbuLGusV0dYwbZOm4bB3jHNxSw8Wk/ByDqJEnDw=="
    },
    "undici-types@6.20.0": {
      "integrity": "sha512-Ny6QZ2Nju20vw1SRHe3d9jVu6gJ+4e3+MMpqu7pqE5HT6WsTSlce++GQmK5UXS8mzV8DSYHrQH+Xrf2jVcuKNg=="
    }
  },
  "workspace": {
    "dependencies": [
      "jsr:@std/assert@1",
      "jsr:@std/encoding@^1.0.10",
      "npm:@biomejs/biome@^1.9.4",
      "npm:ky@^1.8.1"
    ]
  }
}
